
Microsoft Visual Studio Solution File, Format Version 12.00
# Visual Studio Version 17
VisualStudioVersion = 17.5.33516.290
MinimumVisualStudioVersion = 10.0.40219.1
Project("{FAE04EC0-301F-11D3-BF4B-00C04F79EFBC}") = "LR5_Example1", "LR5_Example1\LR5_Example1.csproj", "{7DFF868C-391E-4EF3-9204-F86CF894EBC1}"
EndProject
Global
	GlobalSection(SolutionConfigurationPlatforms) = preSolution
		Debug|Any CPU = Debug|Any CPU
		Release|Any CPU = Release|Any CPU
	EndGlobalSection
	GlobalSection(ProjectConfigurationPlatforms) = postSolution
		{7DFF868C-391E-4EF3-9204-F86CF894EBC1}.Debug|Any CPU.ActiveCfg = Debug|Any CPU
		{7DFF868C-391E-4EF3-9204-F86CF894EBC1}.Debug|Any CPU.Build.0 = Debug|Any CPU
		{7DFF868C-391E-4EF3-9204-F86CF894EBC1}.Release|Any CPU.ActiveCfg = Release|Any CPU
		{7DFF868C-391E-4EF3-9204-F86CF894EBC1}.Release|Any CPU.Build.0 = Release|Any CPU
	EndGlobalSection
	GlobalSection(SolutionProperties) = preSolution
		HideSolutionNode = FALSE
	EndGlobalSection
	GlobalSection(ExtensibilityGlobals) = postSolution
		SolutionGuid = {1BCED4BD-DF1F-4F33-B996-64E3F209FDB4}
	EndGlobalSection
EndGlobal
